
Microsoft Visual Studio Solution File, Format Version 11.00
# Visual Studio 2010
Project("{FAE04EC0-301F-11D3-BF4B-00C04F79EFBC}") = "Elemental Ascension", "Elemental Ascension\Elemental Ascension\Elemental Ascension.csproj", "{E2D60945-6C3C-43F3-8631-374273BF952D}"
EndProject
Project("{96E2B04D-8817-42C6-938A-82C39BA4D311}") = "Elemental AscensionContent", "Elemental Ascension\Elemental AscensionContent\Elemental AscensionContent.contentproj", "{0092B185-790F-4057-98EB-4BFA94B875F2}"
EndProject
Global
	GlobalSection(SolutionConfigurationPlatforms) = preSolution
		Debug|x86 = Debug|x86
		Release|x86 = Release|x86
	EndGlobalSection
	GlobalSection(ProjectConfigurationPlatforms) = postSolution
		{E2D60945-6C3C-43F3-8631-374273BF952D}.Debug|x86.ActiveCfg = Debug|x86
		{E2D60945-6C3C-43F3-8631-374273BF952D}.Debug|x86.Build.0 = Debug|x86
		{E2D60945-6C3C-43F3-8631-374273BF952D}.Release|x86.ActiveCfg = Release|x86
		{E2D60945-6C3C-43F3-8631-374273BF952D}.Release|x86.Build.0 = Release|x86
		{0092B185-790F-4057-98EB-4BFA94B875F2}.Debug|x86.ActiveCfg = Debug|x86
		{0092B185-790F-4057-98EB-4BFA94B875F2}.Release|x86.ActiveCfg = Release|x86
	EndGlobalSection
	GlobalSection(SolutionProperties) = preSolution
		HideSolutionNode = FALSE
	EndGlobalSection
EndGlobal
